{
  "name": "geojson",
  "version": "1.0.0",
  "lockfileVersion": 3,
  "requires": true,
  "packages": {
    "": {
      "name": "geojson",
      "version": "1.0.0",
      "license": "ISC",
      "dependencies": {
        "geo-point-in-polygon": "^1.0.0",
        "point-in-polygon": "^1.1.0"
      }
    },
    "node_modules/geo-point-in-polygon": {
      "version": "1.0.0",
      "resolved": "https://registry.npmjs.org/geo-point-in-polygon/-/geo-point-in-polygon-1.0.0.tgz",
      "integrity": "sha512-vq3utQWQUPhVZ8XUzS7ELy76aNe+dc4JSWRzcIHCwlxwd+QbE0SCm9dgn45IP6J4xSWMbagZ2ieGSfeqSOFVoQ==",
      "dependencies": {
        "intersect-great-circle": "^1.1.0"
      }
    },
    "node_modules/gl-vec3": {
      "version": "1.1.3",
      "resolved": "https://registry.npmjs.org/gl-vec3/-/gl-vec3-1.1.3.tgz",
      "integrity": "sha512-jduKUqT0SGH02l8Yl+mV1yVsDfYgQAJyXGxkJQGyxPLHRiW25DwVIRPt6uvhrEMHftJfqhqKthRcyZqNEl9Xdw=="
    },
    "node_modules/intersect-great-circle": {
      "version": "1.1.0",
      "resolved": "https://registry.npmjs.org/intersect-great-circle/-/intersect-great-circle-1.1.0.tgz",
      "integrity": "sha512-U0pgzRIACXSZskNpVzAzCrZ1ccqajipVbUtYRP1ggFJqiHKIy62Jfy4KLlFNheNpDel+ZXFozQDMZOs2Cvlr5w==",
      "dependencies": {
        "gl-vec3": "^1.1.3"
      }
    },
    "node_modules/point-in-polygon": {
      "version": "1.1.0",
      "resolved": "https://registry.npmjs.org/point-in-polygon/-/point-in-polygon-1.1.0.tgz",
      "integrity": "sha512-3ojrFwjnnw8Q9242TzgXuTD+eKiutbzyslcq1ydfu82Db2y+Ogbmyrkpv0Hgj31qwT3lbS9+QAAO/pIQM35XRw=="
    }
  }
}
